
Microsoft Visual Studio Solution File, Format Version 12.00
# Visual Studio Version 16
VisualStudioVersion = 16.0.30804.86
MinimumVisualStudioVersion = 10.0.40219.1
Project("{FAE04EC0-301F-11D3-BF4B-00C04F79EFBC}") = "MedicalTests", "MedicalTests\MedicalTests.csproj", "{28A1835F-4504-4D06-BCAC-1833E29F8DC5}"
EndProject
Global
	GlobalSection(SolutionConfigurationPlatforms) = preSolution
		Debug|Any CPU = Debug|Any CPU
		Release|Any CPU = Release|Any CPU
	EndGlobalSection
	GlobalSection(ProjectConfigurationPlatforms) = postSolution
		{28A1835F-4504-4D06-BCAC-1833E29F8DC5}.Debug|Any CPU.ActiveCfg = Debug|Any CPU
		{28A1835F-4504-4D06-BCAC-1833E29F8DC5}.Debug|Any CPU.Build.0 = Debug|Any CPU
		{28A1835F-4504-4D06-BCAC-1833E29F8DC5}.Release|Any CPU.ActiveCfg = Release|Any CPU
		{28A1835F-4504-4D06-BCAC-1833E29F8DC5}.Release|Any CPU.Build.0 = Release|Any CPU
	EndGlobalSection
	GlobalSection(SolutionProperties) = preSolution
		HideSolutionNode = FALSE
	EndGlobalSection
	GlobalSection(ExtensibilityGlobals) = postSolution
		SolutionGuid = {D7F56E49-649D-4330-92DC-9F959EE4A9A5}
	EndGlobalSection
EndGlobal
